// !$*UTF8*$!
{
	archiveVersion = 1;
	classes = {
	};
	objectVersion = 50;
	objects = {

/* Begin PBXBuildFile section */
		F96141662135DBF900A3A8BE /* AppDelegate.swift in Sources */ = {isa = PBXBuildFile; fileRef = F96141652135DBF900A3A8BE /* AppDelegate.swift */; };
		F96141682135DBF900A3A8BE /* ViewController.swift in Sources */ = {isa = PBXBuildFile; fileRef = F96141672135DBF900A3A8BE /* ViewController.swift */; };
		F961416B2135DBF900A3A8BE /* Main.storyboard in Resources */ = {isa = PBXBuildFile; fileRef = F96141692135DBF900A3A8BE /* Main.storyboard */; };
		F961416D2135DBFA00A3A8BE /* Assets.xcassets in Resources */ = {isa = PBXBuildFile; fileRef = F961416C2135DBFA00A3A8BE /* Assets.xcassets */; };
		F96141702135DBFA00A3A8BE /* LaunchScreen.storyboard in Resources */ = {isa = PBXBuildFile; fileRef = F961416E2135DBFA00A3A8BE /* LaunchScreen.storyboard */; };
		F961417B2135DBFA00A3A8BE /* Assignment1Tests.swift in Sources */ = {isa = PBXBuildFile; fileRef = F961417A2135DBFA00A3A8BE /* Assignment1Tests.swift */; };
		F96141862135DBFA00A3A8BE /* Assignment1UITests.swift in Sources */ = {isa = PBXBuildFile; fileRef = F96141852135DBFA00A3A8BE /* Assignment1UITests.swift */; };
		F96141942135DC3000A3A8BE /* Student.swift in Sources */ = {isa = PBXBuildFile; fileRef = F96141932135DC3000A3A8BE /* Student.swift */; };
		F96495D121504D0D007287B8 /* Association.swift in Sources */ = {isa = PBXBuildFile; fileRef = F96495D021504D0D007287B8 /* Association.swift */; };
		F9B66C0F213C766900120AB1 /* PriorityQueue.swift in Sources */ = {isa = PBXBuildFile; fileRef = F9B66C0E213C766900120AB1 /* PriorityQueue.swift */; };
		F9D3748921560FBF005EDB51 /* Heap.swift in Sources */ = {isa = PBXBuildFile; fileRef = F9D3748821560FBF005EDB51 /* Heap.swift */; };
		F9D3748B2156F91F005EDB51 /* Strategy.swift in Sources */ = {isa = PBXBuildFile; fileRef = F9D3748A2156F91F005EDB51 /* Strategy.swift */; };
		F9D3748D2156FF08005EDB51 /* CombinationStrategy.swift in Sources */ = {isa = PBXBuildFile; fileRef = F9D3748C2156FF08005EDB51 /* CombinationStrategy.swift */; };
		F9D37490215767E5005EDB51 /* GPAStrategy.swift in Sources */ = {isa = PBXBuildFile; fileRef = F9D3748F215767E5005EDB51 /* GPAStrategy.swift */; };
		F9D37492215767F1005EDB51 /* UnitsStrategy.swift in Sources */ = {isa = PBXBuildFile; fileRef = F9D37491215767F1005EDB51 /* UnitsStrategy.swift */; };
/* End PBXBuildFile section */

/* Begin PBXContainerItemProxy section */
		F96141772135DBFA00A3A8BE /* PBXContainerItemProxy */ = {
			isa = PBXContainerItemProxy;
			containerPortal = F961415A2135DBF900A3A8BE /* Project object */;
			proxyType = 1;
			remoteGlobalIDString = F96141612135DBF900A3A8BE;
			remoteInfo = Assignment1;
		};
		F96141822135DBFA00A3A8BE /* PBXContainerItemProxy */ = {
			isa = PBXContainerItemProxy;
			containerPortal = F961415A2135DBF900A3A8BE /* Project object */;
			proxyType = 1;
			remoteGlobalIDString = F96141612135DBF900A3A8BE;
			remoteInfo = Assignment1;
		};
/* End PBXContainerItemProxy section */

/* Begin PBXFileReference section */
		F96141622135DBF900A3A8BE /* Assignment1.app */ = {isa = PBXFileReference; explicitFileType = wrapper.application; includeInIndex = 0; path = Assignment1.app; sourceTree = BUILT_PRODUCTS_DIR; };
		F96141652135DBF900A3A8BE /* AppDelegate.swift */ = {isa = PBXFileReference; lastKnownFileType = sourcecode.swift; path = AppDelegate.swift; sourceTree = "<group>"; };
		F96141672135DBF900A3A8BE /* ViewController.swift */ = {isa = PBXFileReference; lastKnownFileType = sourcecode.swift; path = ViewController.swift; sourceTree = "<group>"; };
		F961416A2135DBF900A3A8BE /* Base */ = {isa = PBXFileReference; lastKnownFileType = file.storyboard; name = Base; path = Base.lproj/Main.storyboard; sourceTree = "<group>"; };
		F961416C2135DBFA00A3A8BE /* Assets.xcassets */ = {isa = PBXFileReference; lastKnownFileType = folder.assetcatalog; path = Assets.xcassets; sourceTree = "<group>"; };
		F961416F2135DBFA00A3A8BE /* Base */ = {isa = PBXFileReference; lastKnownFileType = file.storyboard; name = Base; path = Base.lproj/LaunchScreen.storyboard; sourceTree = "<group>"; };
		F96141712135DBFA00A3A8BE /* Info.plist */ = {isa = PBXFileReference; lastKnownFileType = text.plist.xml; path = Info.plist; sourceTree = "<group>"; };
		F96141762135DBFA00A3A8BE /* Assignment1Tests.xctest */ = {isa = PBXFileReference; explicitFileType = wrapper.cfbundle; includeInIndex = 0; path = Assignment1Tests.xctest; sourceTree = BUILT_PRODUCTS_DIR; };
		F961417A2135DBFA00A3A8BE /* Assignment1Tests.swift */ = {isa = PBXFileReference; lastKnownFileType = sourcecode.swift; path = Assignment1Tests.swift; sourceTree = "<group>"; };
		F961417C2135DBFA00A3A8BE /* Info.plist */ = {isa = PBXFileReference; lastKnownFileType = text.plist.xml; path = Info.plist; sourceTree = "<group>"; };
		F96141812135DBFA00A3A8BE /* Assignment1UITests.xctest */ = {isa = PBXFileReference; explicitFileType = wrapper.cfbundle; includeInIndex = 0; path = Assignment1UITests.xctest; sourceTree = BUILT_PRODUCTS_DIR; };
		F96141852135DBFA00A3A8BE /* Assignment1UITests.swift */ = {isa = PBXFileReference; lastKnownFileType = sourcecode.swift; path = Assignment1UITests.swift; sourceTree = "<group>"; };
		F96141872135DBFA00A3A8BE /* Info.plist */ = {isa = PBXFileReference; lastKnownFileType = text.plist.xml; path = Info.plist; sourceTree = "<group>"; };
		F96141932135DC3000A3A8BE /* Student.swift */ = {isa = PBXFileReference; lastKnownFileType = sourcecode.swift; path = Student.swift; sourceTree = "<group>"; };
		F96495D021504D0D007287B8 /* Association.swift */ = {isa = PBXFileReference; lastKnownFileType = sourcecode.swift; path = Association.swift; sourceTree = "<group>"; };
		F9B66C0E213C766900120AB1 /* PriorityQueue.swift */ = {isa = PBXFileReference; lastKnownFileType = sourcecode.swift; path = PriorityQueue.swift; sourceTree = "<group>"; };
		F9D3748821560FBF005EDB51 /* Heap.swift */ = {isa = PBXFileReference; lastKnownFileType = sourcecode.swift; path = Heap.swift; sourceTree = "<group>"; };
		F9D3748A2156F91F005EDB51 /* Strategy.swift */ = {isa = PBXFileReference; lastKnownFileType = sourcecode.swift; path = Strategy.swift; sourceTree = "<group>"; };
		F9D3748C2156FF08005EDB51 /* CombinationStrategy.swift */ = {isa = PBXFileReference; lastKnownFileType = sourcecode.swift; name = CombinationStrategy.swift; path = ../CombinationStrategy.swift; sourceTree = "<group>"; };
		F9D3748F215767E5005EDB51 /* GPAStrategy.swift */ = {isa = PBXFileReference; lastKnownFileType = sourcecode.swift; path = GPAStrategy.swift; sourceTree = "<group>"; };
		F9D37491215767F1005EDB51 /* UnitsStrategy.swift */ = {isa = PBXFileReference; lastKnownFileType = sourcecode.swift; path = UnitsStrategy.swift; sourceTree = "<group>"; };
/* End PBXFileReference section */

/* Begin PBXFrameworksBuildPhase section */
		F961415F2135DBF900A3A8BE /* Frameworks */ = {
			isa = PBXFrameworksBuildPhase;
			buildActionMask = 2147483647;
			files = (
			);
			runOnlyForDeploymentPostprocessing = 0;
		};
		F96141732135DBFA00A3A8BE /* Frameworks */ = {
			isa = PBXFrameworksBuildPhase;
			buildActionMask = 2147483647;
			files = (
			);
			runOnlyForDeploymentPostprocessing = 0;
		};
		F961417E2135DBFA00A3A8BE /* Frameworks */ = {
			isa = PBXFrameworksBuildPhase;
			buildActionMask = 2147483647;
			files = (
			);
			runOnlyForDeploymentPostprocessing = 0;
		};
/* End PBXFrameworksBuildPhase section */

/* Begin PBXGroup section */
		F96141592135DBF900A3A8BE = {
			isa = PBXGroup;
			children = (
				F96141642135DBF900A3A8BE /* Assignment1 */,
				F96141792135DBFA00A3A8BE /* Assignment1Tests */,
				F96141842135DBFA00A3A8BE /* Assignment1UITests */,
				F96141632135DBF900A3A8BE /* Products */,
			);
			sourceTree = "<group>";
		};
		F96141632135DBF900A3A8BE /* Products */ = {
			isa = PBXGroup;
			children = (
				F96141622135DBF900A3A8BE /* Assignment1.app */,
				F96141762135DBFA00A3A8BE /* Assignment1Tests.xctest */,
				F96141812135DBFA00A3A8BE /* Assignment1UITests.xctest */,
			);
			name = Products;
			sourceTree = "<group>";
		};
		F96141642135DBF900A3A8BE /* Assignment1 */ = {
			isa = PBXGroup;
			children = (
				F9D3748E21576748005EDB51 /* Strategies */,
				F96495D021504D0D007287B8 /* Association.swift */,
				F9B66C0E213C766900120AB1 /* PriorityQueue.swift */,
				F9D3748821560FBF005EDB51 /* Heap.swift */,
				F96141932135DC3000A3A8BE /* Student.swift */,
				F96141652135DBF900A3A8BE /* AppDelegate.swift */,
				F96141672135DBF900A3A8BE /* ViewController.swift */,
				F96141692135DBF900A3A8BE /* Main.storyboard */,
				F961416C2135DBFA00A3A8BE /* Assets.xcassets */,
				F961416E2135DBFA00A3A8BE /* LaunchScreen.storyboard */,
				F96141712135DBFA00A3A8BE /* Info.plist */,
			);
			path = Assignment1;
			sourceTree = "<group>";
		};
		F96141792135DBFA00A3A8BE /* Assignment1Tests */ = {
			isa = PBXGroup;
			children = (
				F961417A2135DBFA00A3A8BE /* Assignment1Tests.swift */,
				F961417C2135DBFA00A3A8BE /* Info.plist */,
			);
			path = Assignment1Tests;
			sourceTree = "<group>";
		};
		F96141842135DBFA00A3A8BE /* Assignment1UITests */ = {
			isa = PBXGroup;
			children = (
				F96141852135DBFA00A3A8BE /* Assignment1UITests.swift */,
				F96141872135DBFA00A3A8BE /* Info.plist */,
			);
			path = Assignment1UITests;
			sourceTree = "<group>";
		};
		F9D3748E21576748005EDB51 /* Strategies */ = {
			isa = PBXGroup;
			children = (
				F9D3748A2156F91F005EDB51 /* Strategy.swift */,
				F9D3748C2156FF08005EDB51 /* CombinationStrategy.swift */,
				F9D3748F215767E5005EDB51 /* GPAStrategy.swift */,
				F9D37491215767F1005EDB51 /* UnitsStrategy.swift */,
			);
			path = Strategies;
			sourceTree = "<group>";
		};
/* End PBXGroup section */

/* Begin PBXNativeTarget section */
		F96141612135DBF900A3A8BE /* Assignment1 */ = {
			isa = PBXNativeTarget;
			buildConfigurationList = F961418A2135DBFA00A3A8BE /* Build configuration list for PBXNativeTarget "Assignment1" */;
			buildPhases = (
				F961415E2135DBF900A3A8BE /* Sources */,
				F961415F2135DBF900A3A8BE /* Frameworks */,
				F96141602135DBF900A3A8BE /* Resources */,
			);
			buildRules = (
			);
			dependencies = (
			);
			name = Assignment1;
			productName = Assignment1;
			productReference = F96141622135DBF900A3A8BE /* Assignment1.app */;
			productType = "com.apple.product-type.application";
		};
		F96141752135DBFA00A3A8BE /* Assignment1Tests */ = {
			isa = PBXNativeTarget;
			buildConfigurationList = F961418D2135DBFA00A3A8BE /* Build configuration list for PBXNativeTarget "Assignment1Tests" */;
			buildPhases = (
				F96141722135DBFA00A3A8BE /* Sources */,
				F96141732135DBFA00A3A8BE /* Frameworks */,
				F96141742135DBFA00A3A8BE /* Resources */,
			);
			buildRules = (
			);
			dependencies = (
				F96141782135DBFA00A3A8BE /* PBXTargetDependency */,
			);
			name = Assignment1Tests;
			productName = Assignment1Tests;
			productReference = F96141762135DBFA00A3A8BE /* Assignment1Tests.xctest */;
			productType = "com.apple.product-type.bundle.unit-test";
		};
		F96141802135DBFA00A3A8BE /* Assignment1UITests */ = {
			isa = PBXNativeTarget;
			buildConfigurationList = F96141902135DBFA00A3A8BE /* Build configuration list for PBXNativeTarget "Assignment1UITests" */;
			buildPhases = (
				F961417D2135DBFA00A3A8BE /* Sources */,
				F961417E2135DBFA00A3A8BE /* Frameworks */,
				F961417F2135DBFA00A3A8BE /* Resources */,
			);
			buildRules = (
			);
			dependencies = (
				F96141832135DBFA00A3A8BE /* PBXTargetDependency */,
			);
			name = Assignment1UITests;
			productName = Assignment1UITests;
			productReference = F96141812135DBFA00A3A8BE /* Assignment1UITests.xctest */;
			productType = "com.apple.product-type.bundle.ui-testing";
		};
/* End PBXNativeTarget section */

/* Begin PBXProject section */
		F961415A2135DBF900A3A8BE /* Project object */ = {
			isa = PBXProject;
			attributes = {
				LastSwiftUpdateCheck = 0940;
				LastUpgradeCheck = 0940;
				ORGANIZATIONNAME = "Mark Rassamni";
				TargetAttributes = {
					F96141612135DBF900A3A8BE = {
						CreatedOnToolsVersion = 9.4.1;
						LastSwiftMigration = 1000;
					};
					F96141752135DBFA00A3A8BE = {
						CreatedOnToolsVersion = 9.4.1;
						LastSwiftMigration = 1000;
						TestTargetID = F96141612135DBF900A3A8BE;
					};
					F96141802135DBFA00A3A8BE = {
						CreatedOnToolsVersion = 9.4.1;
						LastSwiftMigration = 1000;
						TestTargetID = F96141612135DBF900A3A8BE;
					};
				};
			};
			buildConfigurationList = F961415D2135DBF900A3A8BE /* Build configuration list for PBXProject "Assignment1" */;
			compatibilityVersion = "Xcode 9.3";
			developmentRegion = en;
			hasScannedForEncodings = 0;
			knownRegions = (
				en,
				Base,
			);
			mainGroup = F96141592135DBF900A3A8BE;
			productRefGroup = F96141632135DBF900A3A8BE /* Products */;
			projectDirPath = "";
			projectRoot = "";
			targets = (
				F96141612135DBF900A3A8BE /* Assignment1 */,
				F96141752135DBFA00A3A8BE /* Assignment1Tests */,
				F96141802135DBFA00A3A8BE /* Assignment1UITests */,
			);
		};
/* End PBXProject section */

/* Begin PBXResourcesBuildPhase section */
		F96141602135DBF900A3A8BE /* Resources */ = {
			isa = PBXResourcesBuildPhase;
			buildActionMask = 2147483647;
			files = (
				F96141702135DBFA00A3A8BE /* LaunchScreen.storyboard in Resources */,
				F961416D2135DBFA00A3A8BE /* Assets.xcassets in Resources */,
				F961416B2135DBF900A3A8BE /* Main.storyboard in Resources */,
			);
			runOnlyForDeploymentPostprocessing = 0;
		};
		F96141742135DBFA00A3A8BE /* Resources */ = {
			isa = PBXResourcesBuildPhase;
			buildActionMask = 2147483647;
			files = (
			);
			runOnlyForDeploymentPostprocessing = 0;
		};
		F961417F2135DBFA00A3A8BE /* Resources */ = {
			isa = PBXResourcesBuildPhase;
			buildActionMask = 2147483647;
			files = (
			);
			runOnlyForDeploymentPostprocessing = 0;
		};
/* End PBXResourcesBuildPhase section */

/* Begin PBXSourcesBuildPhase section */
		F961415E2135DBF900A3A8BE /* Sources */ = {
			isa = PBXSourcesBuildPhase;
			buildActionMask = 2147483647;
			files = (
				F96141682135DBF900A3A8BE /* ViewController.swift in Sources */,
				F9B66C0F213C766900120AB1 /* PriorityQueue.swift in Sources */,
				F9D37490215767E5005EDB51 /* GPAStrategy.swift in Sources */,
				F9D3748D2156FF08005EDB51 /* CombinationStrategy.swift in Sources */,
				F9D37492215767F1005EDB51 /* UnitsStrategy.swift in Sources */,
				F96495D121504D0D007287B8 /* Association.swift in Sources */,
				F9D3748B2156F91F005EDB51 /* Strategy.swift in Sources */,
				F9D3748921560FBF005EDB51 /* Heap.swift in Sources */,
				F96141942135DC3000A3A8BE /* Student.swift in Sources */,
				F96141662135DBF900A3A8BE /* AppDelegate.swift in Sources */,
			);
			runOnlyForDeploymentPostprocessing = 0;
		};
		F96141722135DBFA00A3A8BE /* Sources */ = {
			isa = PBXSourcesBuildPhase;
			buildActionMask = 2147483647;
			files = (
				F961417B2135DBFA00A3A8BE /* Assignment1Tests.swift in Sources */,
			);
			runOnlyForDeploymentPostprocessing = 0;
		};
		F961417D2135DBFA00A3A8BE /* Sources */ = {
			isa = PBXSourcesBuildPhase;
			buildActionMask = 2147483647;
			files = (
				F96141862135DBFA00A3A8BE /* Assignment1UITests.swift in Sources */,
			);
			runOnlyForDeploymentPostprocessing = 0;
		};
/* End PBXSourcesBuildPhase section */

/* Begin PBXTargetDependency section */
		F96141782135DBFA00A3A8BE /* PBXTargetDependency */ = {
			isa = PBXTargetDependency;
			target = F96141612135DBF900A3A8BE /* Assignment1 */;
			targetProxy = F96141772135DBFA00A3A8BE /* PBXContainerItemProxy */;
		};
		F96141832135DBFA00A3A8BE /* PBXTargetDependency */ = {
			isa = PBXTargetDependency;
			target = F96141612135DBF900A3A8BE /* Assignment1 */;
			targetProxy = F96141822135DBFA00A3A8BE /* PBXContainerItemProxy */;
		};
/* End PBXTargetDependency section */

/* Begin PBXVariantGroup section */
		F96141692135DBF900A3A8BE /* Main.storyboard */ = {
			isa = PBXVariantGroup;
			children = (
				F961416A2135DBF900A3A8BE /* Base */,
			);
			name = Main.storyboard;
			sourceTree = "<group>";
		};
		F961416E2135DBFA00A3A8BE /* LaunchScreen.storyboard */ = {
			isa = PBXVariantGroup;
			children = (
				F961416F2135DBFA00A3A8BE /* Base */,
			);
			name = LaunchScreen.storyboard;
			sourceTree = "<group>";
		};
/* End PBXVariantGroup section */

/* Begin XCBuildConfiguration section */
		F96141882135DBFA00A3A8BE /* Debug */ = {
			isa = XCBuildConfiguration;
			buildSettings = {
				ALWAYS_SEARCH_USER_PATHS = NO;
				CLANG_ANALYZER_NONNULL = YES;
				CLANG_ANALYZER_NUMBER_OBJECT_CONVERSION = YES_AGGRESSIVE;
				CLANG_CXX_LANGUAGE_STANDARD = "gnu++14";
				CLANG_CXX_LIBRARY = "libc++";
				CLANG_ENABLE_MODULES = YES;
				CLANG_ENABLE_OBJC_ARC = YES;
				CLANG_ENABLE_OBJC_WEAK = YES;
				CLANG_WARN_BLOCK_CAPTURE_AUTORELEASING = YES;
				CLANG_WARN_BOOL_CONVERSION = YES;
				CLANG_WARN_COMMA = YES;
				CLANG_WARN_CONSTANT_CONVERSION = YES;
				CLANG_WARN_DEPRECATED_OBJC_IMPLEMENTATIONS = YES;
				CLANG_WARN_DIRECT_OBJC_ISA_USAGE = YES_ERROR;
				CLANG_WARN_DOCUMENTATION_COMMENTS = YES;
				CLANG_WARN_EMPTY_BODY = YES;
				CLANG_WARN_ENUM_CONVERSION = YES;
				CLANG_WARN_INFINITE_RECURSION = YES;
				CLANG_WARN_INT_CONVERSION = YES;
				CLANG_WARN_NON_LITERAL_NULL_CONVERSION = YES;
				CLANG_WARN_OBJC_IMPLICIT_RETAIN_SELF = YES;
				CLANG_WARN_OBJC_LITERAL_CONVERSION = YES;
				CLANG_WARN_OBJC_ROOT_CLASS = YES_ERROR;
				CLANG_WARN_RANGE_LOOP_ANALYSIS = YES;
				CLANG_WARN_STRICT_PROTOTYPES = YES;
				CLANG_WARN_SUSPICIOUS_MOVE = YES;
				CLANG_WARN_UNGUARDED_AVAILABILITY = YES_AGGRESSIVE;
				CLANG_WARN_UNREACHABLE_CODE = YES;
				CLANG_WARN__DUPLICATE_METHOD_MATCH = YES;
				CODE_SIGN_IDENTITY = "iPhone Developer";
				COPY_PHASE_STRIP = NO;
				DEBUG_INFORMATION_FORMAT = dwarf;
				ENABLE_STRICT_OBJC_MSGSEND = YES;
				ENABLE_TESTABILITY = YES;
				GCC_C_LANGUAGE_STANDARD = gnu11;
				GCC_DYNAMIC_NO_PIC = NO;
				GCC_NO_COMMON_BLOCKS = YES;
				GCC_OPTIMIZATION_LEVEL = 0;
				GCC_PREPROCESSOR_DEFINITIONS = (
					"DEBUG=1",
					"$(inherited)",
				);
				GCC_WARN_64_TO_32_BIT_CONVERSION = YES;
				GCC_WARN_ABOUT_RETURN_TYPE = YES_ERROR;
				GCC_WARN_UNDECLARED_SELECTOR = YES;
				GCC_WARN_UNINITIALIZED_AUTOS = YES_AGGRESSIVE;
				GCC_WARN_UNUSED_FUNCTION = YES;
				GCC_WARN_UNUSED_VARIABLE = YES;
				IPHONEOS_DEPLOYMENT_TARGET = 11.4;
				MTL_ENABLE_DEBUG_INFO = YES;
				ONLY_ACTIVE_ARCH = YES;
				SDKROOT = iphoneos;
				SWIFT_ACTIVE_COMPILATION_CONDITIONS = DEBUG;
				SWIFT_OPTIMIZATION_LEVEL = "-Onone";
			};
			name = Debug;
		};
		F96141892135DBFA00A3A8BE /* Release */ = {
			isa = XCBuildConfiguration;
			buildSettings = {
				ALWAYS_SEARCH_USER_PATHS = NO;
				CLANG_ANALYZER_NONNULL = YES;
				CLANG_ANALYZER_NUMBER_OBJECT_CONVERSION = YES_AGGRESSIVE;
				CLANG_CXX_LANGUAGE_STANDARD = "gnu++14";
				CLANG_CXX_LIBRARY = "libc++";
				CLANG_ENABLE_MODULES = YES;
				CLANG_ENABLE_OBJC_ARC = YES;
				CLANG_ENABLE_OBJC_WEAK = YES;
				CLANG_WARN_BLOCK_CAPTURE_AUTORELEASING = YES;
				CLANG_WARN_BOOL_CONVERSION = YES;
				CLANG_WARN_COMMA = YES;
				CLANG_WARN_CONSTANT_CONVERSION = YES;
				CLANG_WARN_DEPRECATED_OBJC_IMPLEMENTATIONS = YES;
				CLANG_WARN_DIRECT_OBJC_ISA_USAGE = YES_ERROR;
				CLANG_WARN_DOCUMENTATION_COMMENTS = YES;
				CLANG_WARN_EMPTY_BODY = YES;
				CLANG_WARN_ENUM_CONVERSION = YES;
				CLANG_WARN_INFINITE_RECURSION = YES;
				CLANG_WARN_INT_CONVERSION = YES;
				CLANG_WARN_NON_LITERAL_NULL_CONVERSION = YES;
				CLANG_WARN_OBJC_IMPLICIT_RETAIN_SELF = YES;
				CLANG_WARN_OBJC_LITERAL_CONVERSION = YES;
				CLANG_WARN_OBJC_ROOT_CLASS = YES_ERROR;
				CLANG_WARN_RANGE_LOOP_ANALYSIS = YES;
				CLANG_WARN_STRICT_PROTOTYPES = YES;
				CLANG_WARN_SUSPICIOUS_MOVE = YES;
				CLANG_WARN_UNGUARDED_AVAILABILITY = YES_AGGRESSIVE;
				CLANG_WARN_UNREACHABLE_CODE = YES;
				CLANG_WARN__DUPLICATE_METHOD_MATCH = YES;
				CODE_SIGN_IDENTITY = "iPhone Developer";
				COPY_PHASE_STRIP = NO;
				DEBUG_INFORMATION_FORMAT = "dwarf-with-dsym";
				ENABLE_NS_ASSERTIONS = NO;
				ENABLE_STRICT_OBJC_MSGSEND = YES;
				GCC_C_LANGUAGE_STANDARD = gnu11;
				GCC_NO_COMMON_BLOCKS = YES;
				GCC_WARN_64_TO_32_BIT_CONVERSION = YES;
				GCC_WARN_ABOUT_RETURN_TYPE = YES_ERROR;
				GCC_WARN_UNDECLARED_SELECTOR = YES;
				GCC_WARN_UNINITIALIZED_AUTOS = YES_AGGRESSIVE;
				GCC_WARN_UNUSED_FUNCTION = YES;
				GCC_WARN_UNUSED_VARIABLE = YES;
				IPHONEOS_DEPLOYMENT_TARGET = 11.4;
				MTL_ENABLE_DEBUG_INFO = NO;
				SDKROOT = iphoneos;
				SWIFT_COMPILATION_MODE = wholemodule;
				SWIFT_OPTIMIZATION_LEVEL = "-O";
				VALIDATE_PRODUCT = YES;
			};
			name = Release;
		};
		F961418B2135DBFA00A3A8BE /* Debug */ = {
			isa = XCBuildConfiguration;
			buildSettings = {
				ASSETCATALOG_COMPILER_APPICON_NAME = AppIcon;
				CODE_SIGN_STYLE = Automatic;
				DEVELOPMENT_TEAM = VBN5K8MF76;
				INFOPLIST_FILE = Assignment1/Info.plist;
				LD_RUNPATH_SEARCH_PATHS = (
					"$(inherited)",
					"@executable_path/Frameworks",
				);
				PRODUCT_BUNDLE_IDENTIFIER = com.markrassamni.Assignment1;
				PRODUCT_NAME = "$(TARGET_NAME)";
				SWIFT_VERSION = 4.2;
				TARGETED_DEVICE_FAMILY = "1,2";
			};
			name = Debug;
		};
		F961418C2135DBFA00A3A8BE /* Release */ = {
			isa = XCBuildConfiguration;
			buildSettings = {
				ASSETCATALOG_COMPILER_APPICON_NAME = AppIcon;
				CODE_SIGN_STYLE = Automatic;
				DEVELOPMENT_TEAM = VBN5K8MF76;
				INFOPLIST_FILE = Assignment1/Info.plist;
				LD_RUNPATH_SEARCH_PATHS = (
					"$(inherited)",
					"@executable_path/Frameworks",
				);
				PRODUCT_BUNDLE_IDENTIFIER = com.markrassamni.Assignment1;
				PRODUCT_NAME = "$(TARGET_NAME)";
				SWIFT_VERSION = 4.2;
				TARGETED_DEVICE_FAMILY = "1,2";
			};
			name = Release;
		};
		F961418E2135DBFA00A3A8BE /* Debug */ = {
			isa = XCBuildConfiguration;
			buildSettings = {
				ALWAYS_EMBED_SWIFT_STANDARD_LIBRARIES = YES;
				BUNDLE_LOADER = "$(TEST_HOST)";
				CODE_SIGN_STYLE = Automatic;
				DEVELOPMENT_TEAM = VBN5K8MF76;
				INFOPLIST_FILE = Assignment1Tests/Info.plist;
				LD_RUNPATH_SEARCH_PATHS = (
					"$(inherited)",
					"@executable_path/Frameworks",
					"@loader_path/Frameworks",
				);
				PRODUCT_BUNDLE_IDENTIFIER = com.markrassamni.Assignment1Tests;
				PRODUCT_NAME = "$(TARGET_NAME)";
				SWIFT_VERSION = 4.2;
				TARGETED_DEVICE_FAMILY = "1,2";
				TEST_HOST = "$(BUILT_PRODUCTS_DIR)/Assignment1.app/Assignment1";
			};
			name = Debug;
		};
		F961418F2135DBFA00A3A8BE /* Release */ = {
			isa = XCBuildConfiguration;
			buildSettings = {
				ALWAYS_EMBED_SWIFT_STANDARD_LIBRARIES = YES;
				BUNDLE_LOADER = "$(TEST_HOST)";
				CODE_SIGN_STYLE = Automatic;
				DEVELOPMENT_TEAM = VBN5K8MF76;
				INFOPLIST_FILE = Assignment1Tests/Info.plist;
				LD_RUNPATH_SEARCH_PATHS = (
					"$(inherited)",
					"@executable_path/Frameworks",
					"@loader_path/Frameworks",
				);
				PRODUCT_BUNDLE_IDENTIFIER = com.markrassamni.Assignment1Tests;
				PRODUCT_NAME = "$(TARGET_NAME)";
				SWIFT_VERSION = 4.2;
				TARGETED_DEVICE_FAMILY = "1,2";
				TEST_HOST = "$(BUILT_PRODUCTS_DIR)/Assignment1.app/Assignment1";
			};
			name = Release;
		};
		F96141912135DBFA00A3A8BE /* Debug */ = {
			isa = XCBuildConfiguration;
			buildSettings = {
				ALWAYS_EMBED_SWIFT_STANDARD_LIBRARIES = YES;
				CODE_SIGN_STYLE = Automatic;
				DEVELOPMENT_TEAM = VBN5K8MF76;
				INFOPLIST_FILE = Assignment1UITests/Info.plist;
				LD_RUNPATH_SEARCH_PATHS = (
					"$(inherited)",
					"@executable_path/Frameworks",
					"@loader_path/Frameworks",
				);
				PRODUCT_BUNDLE_IDENTIFIER = com.markrassamni.Assignment1UITests;
				PRODUCT_NAME = "$(TARGET_NAME)";
				SWIFT_VERSION = 4.2;
				TARGETED_DEVICE_FAMILY = "1,2";
				TEST_TARGET_NAME = Assignment1;
			};
			name = Debug;
		};
		F96141922135DBFA00A3A8BE /* Release */ = {
			isa = XCBuildConfiguration;
			buildSettings = {
				ALWAYS_EMBED_SWIFT_STANDARD_LIBRARIES = YES;
				CODE_SIGN_STYLE = Automatic;
				DEVELOPMENT_TEAM = VBN5K8MF76;
				INFOPLIST_FILE = Assignment1UITests/Info.plist;
				LD_RUNPATH_SEARCH_PATHS = (
					"$(inherited)",
					"@executable_path/Frameworks",
					"@loader_path/Frameworks",
				);
				PRODUCT_BUNDLE_IDENTIFIER = com.markrassamni.Assignment1UITests;
				PRODUCT_NAME = "$(TARGET_NAME)";
				SWIFT_VERSION = 4.2;
				TARGETED_DEVICE_FAMILY = "1,2";
				TEST_TARGET_NAME = Assignment1;
			};
			name = Release;
		};
/* End XCBuildConfiguration section */

/* Begin XCConfigurationList section */
		F961415D2135DBF900A3A8BE /* Build configuration list for PBXProject "Assignment1" */ = {
			isa = XCConfigurationList;
			buildConfigurations = (
				F96141882135DBFA00A3A8BE /* Debug */,
				F96141892135DBFA00A3A8BE /* Release */,
			);
			defaultConfigurationIsVisible = 0;
			defaultConfigurationName = Release;
		};
		F961418A2135DBFA00A3A8BE /* Build configuration list for PBXNativeTarget "Assignment1" */ = {
			isa = XCConfigurationList;
			buildConfigurations = (
				F961418B2135DBFA00A3A8BE /* Debug */,
				F961418C2135DBFA00A3A8BE /* Release */,
			);
			defaultConfigurationIsVisible = 0;
			defaultConfigurationName = Release;
		};
		F961418D2135DBFA00A3A8BE /* Build configuration list for PBXNativeTarget "Assignment1Tests" */ = {
			isa = XCConfigurationList;
			buildConfigurations = (
				F961418E2135DBFA00A3A8BE /* Debug */,
				F961418F2135DBFA00A3A8BE /* Release */,
			);
			defaultConfigurationIsVisible = 0;
			defaultConfigurationName = Release;
		};
		F96141902135DBFA00A3A8BE /* Build configuration list for PBXNativeTarget "Assignment1UITests" */ = {
			isa = XCConfigurationList;
			buildConfigurations = (
				F96141912135DBFA00A3A8BE /* Debug */,
				F96141922135DBFA00A3A8BE /* Release */,
			);
			defaultConfigurationIsVisible = 0;
			defaultConfigurationName = Release;
		};
/* End XCConfigurationList section */
	};
	rootObject = F961415A2135DBF900A3A8BE /* Project object */;
}
